# This file is automatically @generated by Cargo.
# It is not intended for manual editing.
version = 3

[[package]]
name = "advapi32-sys"
version = "0.1.2"
source = "registry+https://github.com/rust-lang/crates.io-index"
checksum = "307c92332867e586720c0222ee9d890bbe8431711efed8a1b06bc5b40fc66bd7"
dependencies = [
 "winapi",
 "winapi-build",
]

[[package]]
name = "aho-corasick"
version = "0.3.4"
source = "registry+https://github.com/rust-lang/crates.io-index"
checksum = "f5314d38125dc9b9ca99ed19a516eb19feac7bf8b22b5b32993c971bf8cb2a4d"
dependencies = [
 "memchr",
]

[[package]]
name = "aho-corasick"
version = "0.4.0"
source = "registry+https://github.com/rust-lang/crates.io-index"
checksum = "8f36f237c490deb976b38aca6369182dceb5a7af249aabf41c0ba5a964bac5ed"
dependencies = [
 "memchr",
]

[[package]]
name = "ansi_term"
version = "0.7.1"
source = "registry+https://github.com/rust-lang/crates.io-index"
checksum = "5ceef0658413e88fcfb96aeeb69711e83326b9ca0d8c2efd82a4b8f365b3ca72"

[[package]]
name = "bitflags"
version = "0.3.3"
source = "registry+https://github.com/rust-lang/crates.io-index"
checksum = "32866f4d103c4e438b1db1158aa1b1a80ee078e5d77a59a2f906fd62a577389c"

[[package]]
name = "byteorder"
version = "0.4.2"
source = "registry+https://github.com/rust-lang/crates.io-index"
checksum = "96c8b41881888cc08af32d47ac4edd52bc7fa27fef774be47a92443756451304"

[[package]]
name = "clap"
version = "1.5.5"
source = "registry+https://github.com/rust-lang/crates.io-index"
checksum = "a430ed980b54e5e6f5249d67abd1e9251e95a5491fafb33639e71c9608d23361"
dependencies = [
 "ansi_term",
 "bitflags",
 "strsim",
 "vec_map",
]

[[package]]
name = "fern"
version = "0.3.5"
source = "registry+https://github.com/rust-lang/crates.io-index"
checksum = "4d2f58d053ad7791bfaad58a3f3541fe2d2aecc564dd82aee7f92fa402c054b2"
dependencies = [
 "log",
]

[[package]]
name = "findcrypt"
version = "0.0.1"
dependencies = [
 "aho-corasick 0.3.4",
 "ansi_term",
 "byteorder",
 "clap",
 "fern",
 "handlebars",
 "itertools",
 "libc 0.2.4",
 "log",
 "mmap",
 "rustc-serialize",
 "time",
]

[[package]]
name = "handlebars"
version = "0.12.1"
source = "registry+https://github.com/rust-lang/crates.io-index"
checksum = "120b3b01f000620d46466d37a1c062d65ac7e8dfa11bfeecc2d35398bfd3512a"
dependencies = [
 "lazy_static",
 "log",
 "num",
 "quick-error",
 "regex",
 "rustc-serialize",
]

[[package]]
name = "itertools"
version = "0.3.25"
source = "registry+https://github.com/rust-lang/crates.io-index"
checksum = "16b73f1c685cfd8ff8d75698ed87e6188cd09944b30c0863d45c2c3699d1da0c"

[[package]]
name = "lazy_static"
version = "0.1.15"
source = "registry+https://github.com/rust-lang/crates.io-index"
checksum = "547fd11b0400fbab39f7a6df53c648cfb01b977233015d9e0784d595a5a6c449"

[[package]]
name = "libc"
version = "0.1.12"
source = "registry+https://github.com/rust-lang/crates.io-index"
checksum = "e32a70cf75e5846d53a673923498228bbec6a8624708a9ea5645f075d6276122"

[[package]]
name = "libc"
version = "0.2.4"
source = "registry+https://github.com/rust-lang/crates.io-index"
checksum = "10569e57695cc2c91ca4214357907649c9e242dc822c9ae623d0e0b0d68aa4d9"

[[package]]
name = "log"
version = "0.3.4"
source = "registry+https://github.com/rust-lang/crates.io-index"
checksum = "b72ac28ae1b8682bad8b149f4c009c123c40923c1cc1d63acda6508276a84611"
dependencies = [
 "libc 0.2.4",
]

[[package]]
name = "memchr"
version = "0.1.7"
source = "registry+https://github.com/rust-lang/crates.io-index"
checksum = "dc66b0957bf6ae6590681ceac49b0df16823d43037d49aaf2ee658d483af30ab"
dependencies = [
 "libc 0.2.4",
]

[[package]]
name = "mmap"
version = "0.1.1"
source = "git+https://github.com/retep998/rust-mmap?rev=4617dd0901d6899faebfbc427714b89fcb889880#4617dd0901d6899faebfbc427714b89fcb889880"
dependencies = [
 "libc 0.1.12",
]

[[package]]
name = "num"
version = "0.1.29"
source = "registry+https://github.com/rust-lang/crates.io-index"
checksum = "57d22dea157e908496e5f1d5d662fcc75fecbc923aecf847f3c0ab14952c44e2"
dependencies = [
 "rand",
 "rustc-serialize",
]

[[package]]
name = "quick-error"
version = "0.1.4"
source = "registry+https://github.com/rust-lang/crates.io-index"
checksum = "5fb6ccf8db7bbcb9c2eae558db5ab4f3da1c2a87e4e597ed394726bc8ea6ca1d"

[[package]]
name = "rand"
version = "0.3.12"
source = "registry+https://github.com/rust-lang/crates.io-index"
checksum = "5eee40bdf3d293e1648490ab47e5471d9ab3e455e6b0bd48e558c454be4a015e"
dependencies = [
 "advapi32-sys",
 "libc 0.2.4",
 "winapi",
]

[[package]]
name = "regex"
version = "0.1.46"
source = "registry+https://github.com/rust-lang/crates.io-index"
checksum = "e9184b07397782b0df7b34f1827fb20b83dee079639b6689226b15b05dff4225"
dependencies = [
 "aho-corasick 0.4.0",
 "memchr",
 "regex-syntax",
]

[[package]]
name = "regex-syntax"
version = "0.2.2"
source = "registry+https://github.com/rust-lang/crates.io-index"
checksum = "fcf1e805b0a23c845be2a303136d840a1511284727bc1f1fc32d079552ef901f"

[[package]]
name = "rustc-serialize"
version = "0.3.16"
source = "registry+https://github.com/rust-lang/crates.io-index"
checksum = "1a48546a64cae47d06885e9bccadb99d0547d877a94c5167fa451ea33a484456"

[[package]]
name = "strsim"
version = "0.4.0"
source = "registry+https://github.com/rust-lang/crates.io-index"
checksum = "b1d6a2200349ab2221a712c79e797cbb814086eea4ad5d12cc5cafab5f2089d9"

[[package]]
name = "time"
version = "0.2.0"
source = "registry+https://github.com/rust-lang/crates.io-index"
checksum = "fcc26de0a81a07c8352b548977862908fa9863e0e6e4f0eb36b2a9f4f8845585"

[[package]]
name = "vec_map"
version = "0.4.0"
source = "registry+https://github.com/rust-lang/crates.io-index"
checksum = "1805118a0d7c72d427e9d9c8134b549ec9e88942c707b100deef357ec0948f02"

[[package]]
name = "winapi"
version = "0.2.5"
source = "registry+https://github.com/rust-lang/crates.io-index"
checksum = "dc3583688b861fcd83c2823d37cf2cd2446c233dd7ba3f97884d1a7302817537"

[[package]]
name = "winapi-build"
version = "0.1.1"
source = "registry+https://github.com/rust-lang/crates.io-index"
checksum = "2d315eee3b34aca4797b2da6b13ed88266e6d612562a0c46390af8299fc699bc"
